
Microsoft Visual Studio Solution File, Format Version 12.00
# Visual Studio Version 16
VisualStudioVersion = 16.0.31205.134
MinimumVisualStudioVersion = 10.0.40219.1
Project("{FAE04EC0-301F-11D3-BF4B-00C04F79EFBC}") = "rdev_tests", "rdev_tests\rdev_tests.csproj", "{73B5D4B3-3530-4405-B222-E81A2520E053}"
EndProject
Global
	GlobalSection(SolutionConfigurationPlatforms) = preSolution
		Debug|Any CPU = Debug|Any CPU
		Release|Any CPU = Release|Any CPU
	EndGlobalSection
	GlobalSection(ProjectConfigurationPlatforms) = postSolution
		{73B5D4B3-3530-4405-B222-E81A2520E053}.Debug|Any CPU.ActiveCfg = Debug|Any CPU
		{73B5D4B3-3530-4405-B222-E81A2520E053}.Debug|Any CPU.Build.0 = Debug|Any CPU
		{73B5D4B3-3530-4405-B222-E81A2520E053}.Release|Any CPU.ActiveCfg = Release|Any CPU
		{73B5D4B3-3530-4405-B222-E81A2520E053}.Release|Any CPU.Build.0 = Release|Any CPU
	EndGlobalSection
	GlobalSection(SolutionProperties) = preSolution
		HideSolutionNode = FALSE
	EndGlobalSection
	GlobalSection(ExtensibilityGlobals) = postSolution
		SolutionGuid = {D000A0FD-35DF-49FD-A5FC-4AF916FF413D}
	EndGlobalSection
EndGlobal
